Microsoft Visual Studio Solution File, Format Version 12.00
# Visual Studio 15
Project("{8BC9CEB8-8B4A-11D0-8D11-00A0C91BC942}") = "ALL_BUILD", "ALL_BUILD.vcxproj", "{8C8B1824-3983-35F6-AE79-E22EBF3EC53A}"
	ProjectSection(ProjectDependencies) = postProject
		{6F2E2FAF-9423-3BBD-AA0D-F6EDB8E80265} = {6F2E2FAF-9423-3BBD-AA0D-F6EDB8E80265}
		{86D76C66-8D8C-3294-B051-C2835CAEFF1B} = {86D76C66-8D8C-3294-B051-C2835CAEFF1B}
		{F0E3FDA1-6DF2-3E0D-AB67-CFF9CD44689A} = {F0E3FDA1-6DF2-3E0D-AB67-CFF9CD44689A}
		{B22F12E3-D54C-30F8-BB86-841050FA50BE} = {B22F12E3-D54C-30F8-BB86-841050FA50BE}
		{7C618B5F-497D-3EE3-8D6F-3CA8203CD126} = {7C618B5F-497D-3EE3-8D6F-3CA8203CD126}
		{029ACAA3-D41E-3796-85BA-3D227DC2263C} = {029ACAA3-D41E-3796-85BA-3D227DC2263C}
	EndProjectSection
EndProject
Project("{8BC9CEB8-8B4A-11D0-8D11-00A0C91BC942}") = "INSTALL", "INSTALL.vcxproj", "{A01CE0BB-FAB0-344E-84AA-5CC85C4A4439}"
	ProjectSection(ProjectDependencies) = postProject
		{8C8B1824-3983-35F6-AE79-E22EBF3EC53A} = {8C8B1824-3983-35F6-AE79-E22EBF3EC53A}
		{6F2E2FAF-9423-3BBD-AA0D-F6EDB8E80265} = {6F2E2FAF-9423-3BBD-AA0D-F6EDB8E80265}
	EndProjectSection
EndProject
Project("{8BC9CEB8-8B4A-11D0-8D11-00A0C91BC942}") = "UpdateAssimpLibsDebugSymbolsAndDLLs", "UpdateAssimpLibsDebugSymbolsAndDLLs.vcxproj", "{16929326-7FB6-33A5-8D06-42FD80EA92AE}"
	ProjectSection(ProjectDependencies) = postProject
		{6F2E2FAF-9423-3BBD-AA0D-F6EDB8E80265} = {6F2E2FAF-9423-3BBD-AA0D-F6EDB8E80265}
	EndProjectSection
EndProject
Project("{8BC9CEB8-8B4A-11D0-8D11-00A0C91BC942}") = "ZERO_CHECK", "ZERO_CHECK.vcxproj", "{6F2E2FAF-9423-3BBD-AA0D-F6EDB8E80265}"
	ProjectSection(ProjectDependencies) = postProject
	EndProjectSection
EndProject
Project("{8BC9CEB8-8B4A-11D0-8D11-00A0C91BC942}") = "assimp", "code\assimp.vcxproj", "{86D76C66-8D8C-3294-B051-C2835CAEFF1B}"
	ProjectSection(ProjectDependencies) = postProject
		{6F2E2FAF-9423-3BBD-AA0D-F6EDB8E80265} = {6F2E2FAF-9423-3BBD-AA0D-F6EDB8E80265}
		{029ACAA3-D41E-3796-85BA-3D227DC2263C} = {029ACAA3-D41E-3796-85BA-3D227DC2263C}
	EndProjectSection
EndProject
Project("{8BC9CEB8-8B4A-11D0-8D11-00A0C91BC942}") = "assimp_cmd", "tools\assimp_cmd\assimp_cmd.vcxproj", "{F0E3FDA1-6DF2-3E0D-AB67-CFF9CD44689A}"
	ProjectSection(ProjectDependencies) = postProject
		{6F2E2FAF-9423-3BBD-AA0D-F6EDB8E80265} = {6F2E2FAF-9423-3BBD-AA0D-F6EDB8E80265}
		{86D76C66-8D8C-3294-B051-C2835CAEFF1B} = {86D76C66-8D8C-3294-B051-C2835CAEFF1B}
		{029ACAA3-D41E-3796-85BA-3D227DC2263C} = {029ACAA3-D41E-3796-85BA-3D227DC2263C}
	EndProjectSection
EndProject
Project("{8BC9CEB8-8B4A-11D0-8D11-00A0C91BC942}") = "gtest", "test\gtest.vcxproj", "{B22F12E3-D54C-30F8-BB86-841050FA50BE}"
	ProjectSection(ProjectDependencies) = postProject
		{6F2E2FAF-9423-3BBD-AA0D-F6EDB8E80265} = {6F2E2FAF-9423-3BBD-AA0D-F6EDB8E80265}
	EndProjectSection
EndProject
Project("{8BC9CEB8-8B4A-11D0-8D11-00A0C91BC942}") = "uninstall", "uninstall.vcxproj", "{6804691E-8690-3046-BE09-A1BE6719BF01}"
	ProjectSection(ProjectDependencies) = postProject
		{6F2E2FAF-9423-3BBD-AA0D-F6EDB8E80265} = {6F2E2FAF-9423-3BBD-AA0D-F6EDB8E80265}
	EndProjectSection
EndProject
Project("{8BC9CEB8-8B4A-11D0-8D11-00A0C91BC942}") = "unit", "test\unit.vcxproj", "{7C618B5F-497D-3EE3-8D6F-3CA8203CD126}"
	ProjectSection(ProjectDependencies) = postProject
		{6F2E2FAF-9423-3BBD-AA0D-F6EDB8E80265} = {6F2E2FAF-9423-3BBD-AA0D-F6EDB8E80265}
		{86D76C66-8D8C-3294-B051-C2835CAEFF1B} = {86D76C66-8D8C-3294-B051-C2835CAEFF1B}
		{B22F12E3-D54C-30F8-BB86-841050FA50BE} = {B22F12E3-D54C-30F8-BB86-841050FA50BE}
		{029ACAA3-D41E-3796-85BA-3D227DC2263C} = {029ACAA3-D41E-3796-85BA-3D227DC2263C}
	EndProjectSection
EndProject
Project("{8BC9CEB8-8B4A-11D0-8D11-00A0C91BC942}") = "zlibstatic", "contrib\zlib\zlibstatic.vcxproj", "{029ACAA3-D41E-3796-85BA-3D227DC2263C}"
	ProjectSection(ProjectDependencies) = postProject
		{6F2E2FAF-9423-3BBD-AA0D-F6EDB8E80265} = {6F2E2FAF-9423-3BBD-AA0D-F6EDB8E80265}
	EndProjectSection
EndProject
Global
	GlobalSection(SolutionConfigurationPlatforms) = preSolution
		Debug|Win32 = Debug|Win32
		Release|Win32 = Release|Win32
		MinSizeRel|Win32 = MinSizeRel|Win32
		RelWithDebInfo|Win32 = RelWithDebInfo|Win32
	EndGlobalSection
	GlobalSection(ProjectConfigurationPlatforms) = postSolution
		{8C8B1824-3983-35F6-AE79-E22EBF3EC53A}.Debug|Win32.ActiveCfg = Debug|Win32
		{8C8B1824-3983-35F6-AE79-E22EBF3EC53A}.Debug|Win32.Build.0 = Debug|Win32
		{8C8B1824-3983-35F6-AE79-E22EBF3EC53A}.Release|Win32.ActiveCfg = Release|Win32
		{8C8B1824-3983-35F6-AE79-E22EBF3EC53A}.Release|Win32.Build.0 = Release|Win32
		{8C8B1824-3983-35F6-AE79-E22EBF3EC53A}.MinSizeRel|Win32.ActiveCfg = MinSizeRel|Win32
		{8C8B1824-3983-35F6-AE79-E22EBF3EC53A}.MinSizeRel|Win32.Build.0 = MinSizeRel|Win32
		{8C8B1824-3983-35F6-AE79-E22EBF3EC53A}.RelWithDebInfo|Win32.ActiveCfg = RelWithDebInfo|Win32
		{8C8B1824-3983-35F6-AE79-E22EBF3EC53A}.RelWithDebInfo|Win32.Build.0 = RelWithDebInfo|Win32
		{A01CE0BB-FAB0-344E-84AA-5CC85C4A4439}.Debug|Win32.ActiveCfg = Debug|Win32
		{A01CE0BB-FAB0-344E-84AA-5CC85C4A4439}.Release|Win32.ActiveCfg = Release|Win32
		{A01CE0BB-FAB0-344E-84AA-5CC85C4A4439}.MinSizeRel|Win32.ActiveCfg = MinSizeRel|Win32
		{A01CE0BB-FAB0-344E-84AA-5CC85C4A4439}.RelWithDebInfo|Win32.ActiveCfg = RelWithDebInfo|Win32
		{16929326-7FB6-33A5-8D06-42FD80EA92AE}.Debug|Win32.ActiveCfg = Debug|Win32
		{16929326-7FB6-33A5-8D06-42FD80EA92AE}.Release|Win32.ActiveCfg = Release|Win32
		{16929326-7FB6-33A5-8D06-42FD80EA92AE}.MinSizeRel|Win32.ActiveCfg = MinSizeRel|Win32
		{16929326-7FB6-33A5-8D06-42FD80EA92AE}.RelWithDebInfo|Win32.ActiveCfg = RelWithDebInfo|Win32
		{6F2E2FAF-9423-3BBD-AA0D-F6EDB8E80265}.Debug|Win32.ActiveCfg = Debug|Win32
		{6F2E2FAF-9423-3BBD-AA0D-F6EDB8E80265}.Debug|Win32.Build.0 = Debug|Win32
		{6F2E2FAF-9423-3BBD-AA0D-F6EDB8E80265}.Release|Win32.ActiveCfg = Release|Win32
		{6F2E2FAF-9423-3BBD-AA0D-F6EDB8E80265}.Release|Win32.Build.0 = Release|Win32
		{6F2E2FAF-9423-3BBD-AA0D-F6EDB8E80265}.MinSizeRel|Win32.ActiveCfg = MinSizeRel|Win32
		{6F2E2FAF-9423-3BBD-AA0D-F6EDB8E80265}.MinSizeRel|Win32.Build.0 = MinSizeRel|Win32
		{6F2E2FAF-9423-3BBD-AA0D-F6EDB8E80265}.RelWithDebInfo|Win32.ActiveCfg = RelWithDebInfo|Win32
		{6F2E2FAF-9423-3BBD-AA0D-F6EDB8E80265}.RelWithDebInfo|Win32.Build.0 = RelWithDebInfo|Win32
		{86D76C66-8D8C-3294-B051-C2835CAEFF1B}.Debug|Win32.ActiveCfg = Debug|Win32
		{86D76C66-8D8C-3294-B051-C2835CAEFF1B}.Debug|Win32.Build.0 = Debug|Win32
		{86D76C66-8D8C-3294-B051-C2835CAEFF1B}.Release|Win32.ActiveCfg = Release|Win32
		{86D76C66-8D8C-3294-B051-C2835CAEFF1B}.Release|Win32.Build.0 = Release|Win32
		{86D76C66-8D8C-3294-B051-C2835CAEFF1B}.MinSizeRel|Win32.ActiveCfg = MinSizeRel|Win32
		{86D76C66-8D8C-3294-B051-C2835CAEFF1B}.MinSizeRel|Win32.Build.0 = MinSizeRel|Win32
		{86D76C66-8D8C-3294-B051-C2835CAEFF1B}.RelWithDebInfo|Win32.ActiveCfg = RelWithDebInfo|Win32
		{86D76C66-8D8C-3294-B051-C2835CAEFF1B}.RelWithDebInfo|Win32.Build.0 = RelWithDebInfo|Win32
		{F0E3FDA1-6DF2-3E0D-AB67-CFF9CD44689A}.Debug|Win32.ActiveCfg = Debug|Win32
		{F0E3FDA1-6DF2-3E0D-AB67-CFF9CD44689A}.Debug|Win32.Build.0 = Debug|Win32
		{F0E3FDA1-6DF2-3E0D-AB67-CFF9CD44689A}.Release|Win32.ActiveCfg = Release|Win32
		{F0E3FDA1-6DF2-3E0D-AB67-CFF9CD44689A}.Release|Win32.Build.0 = Release|Win32
		{F0E3FDA1-6DF2-3E0D-AB67-CFF9CD44689A}.MinSizeRel|Win32.ActiveCfg = MinSizeRel|Win32
		{F0E3FDA1-6DF2-3E0D-AB67-CFF9CD44689A}.MinSizeRel|Win32.Build.0 = MinSizeRel|Win32
		{F0E3FDA1-6DF2-3E0D-AB67-CFF9CD44689A}.RelWithDebInfo|Win32.ActiveCfg = RelWithDebInfo|Win32
		{F0E3FDA1-6DF2-3E0D-AB67-CFF9CD44689A}.RelWithDebInfo|Win32.Build.0 = RelWithDebInfo|Win32
		{B22F12E3-D54C-30F8-BB86-841050FA50BE}.Debug|Win32.ActiveCfg = Debug|Win32
		{B22F12E3-D54C-30F8-BB86-841050FA50BE}.Debug|Win32.Build.0 = Debug|Win32
		{B22F12E3-D54C-30F8-BB86-841050FA50BE}.Release|Win32.ActiveCfg = Release|Win32
		{B22F12E3-D54C-30F8-BB86-841050FA50BE}.Release|Win32.Build.0 = Release|Win32
		{B22F12E3-D54C-30F8-BB86-841050FA50BE}.MinSizeRel|Win32.ActiveCfg = MinSizeRel|Win32
		{B22F12E3-D54C-30F8-BB86-841050FA50BE}.MinSizeRel|Win32.Build.0 = MinSizeRel|Win32
		{B22F12E3-D54C-30F8-BB86-841050FA50BE}.RelWithDebInfo|Win32.ActiveCfg = RelWithDebInfo|Win32
		{B22F12E3-D54C-30F8-BB86-841050FA50BE}.RelWithDebInfo|Win32.Build.0 = RelWithDebInfo|Win32
		{6804691E-8690-3046-BE09-A1BE6719BF01}.Debug|Win32.ActiveCfg = Debug|Win32
		{6804691E-8690-3046-BE09-A1BE6719BF01}.Release|Win32.ActiveCfg = Release|Win32
		{6804691E-8690-3046-BE09-A1BE6719BF01}.MinSizeRel|Win32.ActiveCfg = MinSizeRel|Win32
		{6804691E-8690-3046-BE09-A1BE6719BF01}.RelWithDebInfo|Win32.ActiveCfg = RelWithDebInfo|Win32
		{7C618B5F-497D-3EE3-8D6F-3CA8203CD126}.Debug|Win32.ActiveCfg = Debug|Win32
		{7C618B5F-497D-3EE3-8D6F-3CA8203CD126}.Debug|Win32.Build.0 = Debug|Win32
		{7C618B5F-497D-3EE3-8D6F-3CA8203CD126}.Release|Win32.ActiveCfg = Release|Win32
		{7C618B5F-497D-3EE3-8D6F-3CA8203CD126}.Release|Win32.Build.0 = Release|Win32
		{7C618B5F-497D-3EE3-8D6F-3CA8203CD126}.MinSizeRel|Win32.ActiveCfg = MinSizeRel|Win32
		{7C618B5F-497D-3EE3-8D6F-3CA8203CD126}.MinSizeRel|Win32.Build.0 = MinSizeRel|Win32
		{7C618B5F-497D-3EE3-8D6F-3CA8203CD126}.RelWithDebInfo|Win32.ActiveCfg = RelWithDebInfo|Win32
		{7C618B5F-497D-3EE3-8D6F-3CA8203CD126}.RelWithDebInfo|Win32.Build.0 = RelWithDebInfo|Win32
		{029ACAA3-D41E-3796-85BA-3D227DC2263C}.Debug|Win32.ActiveCfg = Debug|Win32
		{029ACAA3-D41E-3796-85BA-3D227DC2263C}.Debug|Win32.Build.0 = Debug|Win32
		{029ACAA3-D41E-3796-85BA-3D227DC2263C}.Release|Win32.ActiveCfg = Release|Win32
		{029ACAA3-D41E-3796-85BA-3D227DC2263C}.Release|Win32.Build.0 = Release|Win32
		{029ACAA3-D41E-3796-85BA-3D227DC2263C}.MinSizeRel|Win32.ActiveCfg = MinSizeRel|Win32
		{029ACAA3-D41E-3796-85BA-3D227DC2263C}.MinSizeRel|Win32.Build.0 = MinSizeRel|Win32
		{029ACAA3-D41E-3796-85BA-3D227DC2263C}.RelWithDebInfo|Win32.ActiveCfg = RelWithDebInfo|Win32
		{029ACAA3-D41E-3796-85BA-3D227DC2263C}.RelWithDebInfo|Win32.Build.0 = RelWithDebInfo|Win32
	EndGlobalSection
	GlobalSection(ExtensibilityGlobals) = postSolution
		SolutionGuid = {17835CCD-45EE-3B15-A165-D0BD64805ADC}
	EndGlobalSection
	GlobalSection(ExtensibilityAddIns) = postSolution
	EndGlobalSection
EndGlobal
