<?xml version="1.0" encoding="utf-8"?>
<Project ToolsVersion="15.0" xmlns="http://schemas.microsoft.com/developer/msbuild/2003">
  <ItemGroup>
    <CustomBuild Include="C:\dev\Athena\Sandbox\res\models\build\CMakeFiles\1f81e63e72dee67b61cdd5844fdb020d\INSTALL_force.rule">
      <Filter>CMake Rules</Filter>
    </CustomBuild>
  </ItemGroup>
  <ItemGroup>
    <Filter Include="CMake Rules">
      <UniqueIdentifier>{9190A32A-A7E1-3002-B3AD-55D5CFB7955A}</UniqueIdentifier>
    </Filter>
  </ItemGroup>
</Project>
